// !$*UTF8*$!
{
	archiveVersion = 1;
	classes = {
	};
	objectVersion = 46;
	objects = {

/* Begin PBXBuildFile section */
		513AC26B1D58C1E1006DE13D /* main.c in Sources */ = {isa = PBXBuildFile; fileRef = 513AC26A1D58C1E1006DE13D /* main.c */; };
		513AC2781D58C582006DE13D /* main.c in Sources */ = {isa = PBXBuildFile; fileRef = 513AC2771D58C582006DE13D /* main.c */; };
		513AC2961D5B5DFA006DE13D /* main.c in Sources */ = {isa = PBXBuildFile; fileRef = 513AC2951D5B5DFA006DE13D /* main.c */; };
		513AC2A11D5B642D006DE13D /* main.c in Sources */ = {isa = PBXBuildFile; fileRef = 513AC2A01D5B642D006DE13D /* main.c */; };
		513AC2AC1D5C0CEA006DE13D /* main.c in Sources */ = {isa = PBXBuildFile; fileRef = 513AC2AB1D5C0CEA006DE13D /* main.c */; };
		513AC2B71D5C2140006DE13D /* main.cpp in Sources */ = {isa = PBXBuildFile; fileRef = 513AC2B61D5C2140006DE13D /* main.cpp */; };
		513AC2C21D5C428B006DE13D /* main.c in Sources */ = {isa = PBXBuildFile; fileRef = 513AC2C11D5C428B006DE13D /* main.c */; };
		513AC2CD1D5C4C9E006DE13D /* main.c in Sources */ = {isa = PBXBuildFile; fileRef = 513AC2CC1D5C4C9E006DE13D /* main.c */; };
		51EEDB7E1D5CAE0600451835 /* main.c in Sources */ = {isa = PBXBuildFile; fileRef = 51EEDB7D1D5CAE0600451835 /* main.c */; };
		51EEDB891D5D27A300451835 /* main.c in Sources */ = {isa = PBXBuildFile; fileRef = 51EEDB881D5D27A300451835 /* main.c */; };
		51EEDC121D61108A00451835 /* main.cpp in Sources */ = {isa = PBXBuildFile; fileRef = 51EEDC111D61108A00451835 /* main.cpp */; };
		51EEDC1D1D6264B700451835 /* main.c in Sources */ = {isa = PBXBuildFile; fileRef = 51EEDC1C1D6264B700451835 /* main.c */; };
		51EEDC281D62727A00451835 /* main.c in Sources */ = {isa = PBXBuildFile; fileRef = 51EEDC271D62727A00451835 /* main.c */; };
		51EEDC331D63B77600451835 /* main.cpp in Sources */ = {isa = PBXBuildFile; fileRef = 51EEDC321D63B77600451835 /* main.cpp */; };
		51EEDC3E1D63B9A800451835 /* main.m in Sources */ = {isa = PBXBuildFile; fileRef = 51EEDC3D1D63B9A800451835 /* main.m */; };
		51EEDC491D683E0600451835 /* main.cpp in Sources */ = {isa = PBXBuildFile; fileRef = 51EEDC481D683E0600451835 /* main.cpp */; };
		51EEDC541D68D9E600451835 /* main.cpp in Sources */ = {isa = PBXBuildFile; fileRef = 51EEDC531D68D9E600451835 /* main.cpp */; };
		51EEDC5F1D68E0AD00451835 /* main.c in Sources */ = {isa = PBXBuildFile; fileRef = 51EEDC5E1D68E0AD00451835 /* main.c */; };
		51EEDC6A1D69723600451835 /* main.cpp in Sources */ = {isa = PBXBuildFile; fileRef = 51EEDC691D69723600451835 /* main.cpp */; };
		51EEDCDA1D6D043F00451835 /* main.cpp in Sources */ = {isa = PBXBuildFile; fileRef = 51EEDCD91D6D043F00451835 /* main.cpp */; };
/* End PBXBuildFile section */

/* Begin PBXCopyFilesBuildPhase section */
		513AC2651D58C1E1006DE13D /* CopyFiles */ = {
			isa = PBXCopyFilesBuildPhase;
			buildActionMask = 2147483647;
			dstPath = /usr/share/man/man1/;
			dstSubfolderSpec = 0;
			files = (
			);
			runOnlyForDeploymentPostprocessing = 1;
		};
		513AC2731D58C582006DE13D /* CopyFiles */ = {
			isa = PBXCopyFilesBuildPhase;
			buildActionMask = 2147483647;
			dstPath = /usr/share/man/man1/;
			dstSubfolderSpec = 0;
			files = (
			);
			runOnlyForDeploymentPostprocessing = 1;
		};
		513AC2911D5B5DFA006DE13D /* CopyFiles */ = {
			isa = PBXCopyFilesBuildPhase;
			buildActionMask = 2147483647;
			dstPath = /usr/share/man/man1/;
			dstSubfolderSpec = 0;
			files = (
			);
			runOnlyForDeploymentPostprocessing = 1;
		};
		513AC29C1D5B642D006DE13D /* CopyFiles */ = {
			isa = PBXCopyFilesBuildPhase;
			buildActionMask = 2147483647;
			dstPath = /usr/share/man/man1/;
			dstSubfolderSpec = 0;
			files = (
			);
			runOnlyForDeploymentPostprocessing = 1;
		};
		513AC2A71D5C0CEA006DE13D /* CopyFiles */ = {
			isa = PBXCopyFilesBuildPhase;
			buildActionMask = 2147483647;
			dstPath = /usr/share/man/man1/;
			dstSubfolderSpec = 0;
			files = (
			);
			runOnlyForDeploymentPostprocessing = 1;
		};
		513AC2B21D5C2140006DE13D /* CopyFiles */ = {
			isa = PBXCopyFilesBuildPhase;
			buildActionMask = 2147483647;
			dstPath = /usr/share/man/man1/;
			dstSubfolderSpec = 0;
			files = (
			);
			runOnlyForDeploymentPostprocessing = 1;
		};
		513AC2BD1D5C428B006DE13D /* CopyFiles */ = {
			isa = PBXCopyFilesBuildPhase;
			buildActionMask = 2147483647;
			dstPath = /usr/share/man/man1/;
			dstSubfolderSpec = 0;
			files = (
			);
			runOnlyForDeploymentPostprocessing = 1;
		};
		513AC2C81D5C4C9E006DE13D /* CopyFiles */ = {
			isa = PBXCopyFilesBuildPhase;
			buildActionMask = 2147483647;
			dstPath = /usr/share/man/man1/;
			dstSubfolderSpec = 0;
			files = (
			);
			runOnlyForDeploymentPostprocessing = 1;
		};
		51EEDB791D5CAE0600451835 /* CopyFiles */ = {
			isa = PBXCopyFilesBuildPhase;
			buildActionMask = 2147483647;
			dstPath = /usr/share/man/man1/;
			dstSubfolderSpec = 0;
			files = (
			);
			runOnlyForDeploymentPostprocessing = 1;
		};
		51EEDB841D5D27A300451835 /* CopyFiles */ = {
			isa = PBXCopyFilesBuildPhase;
			buildActionMask = 2147483647;
			dstPath = /usr/share/man/man1/;
			dstSubfolderSpec = 0;
			files = (
			);
			runOnlyForDeploymentPostprocessing = 1;
		};
		51EEDC0D1D61108A00451835 /* CopyFiles */ = {
			isa = PBXCopyFilesBuildPhase;
			buildActionMask = 2147483647;
			dstPath = /usr/share/man/man1/;
			dstSubfolderSpec = 0;
			files = (
			);
			runOnlyForDeploymentPostprocessing = 1;
		};
		51EEDC181D6264B700451835 /* CopyFiles */ = {
			isa = PBXCopyFilesBuildPhase;
			buildActionMask = 2147483647;
			dstPath = /usr/share/man/man1/;
			dstSubfolderSpec = 0;
			files = (
			);
			runOnlyForDeploymentPostprocessing = 1;
		};
		51EEDC231D62727A00451835 /* CopyFiles */ = {
			isa = PBXCopyFilesBuildPhase;
			buildActionMask = 2147483647;
			dstPath = /usr/share/man/man1/;
			dstSubfolderSpec = 0;
			files = (
			);
			runOnlyForDeploymentPostprocessing = 1;
		};
		51EEDC2E1D63B77600451835 /* CopyFiles */ = {
			isa = PBXCopyFilesBuildPhase;
			buildActionMask = 2147483647;
			dstPath = /usr/share/man/man1/;
			dstSubfolderSpec = 0;
			files = (
			);
			runOnlyForDeploymentPostprocessing = 1;
		};
		51EEDC391D63B9A800451835 /* CopyFiles */ = {
			isa = PBXCopyFilesBuildPhase;
			buildActionMask = 2147483647;
			dstPath = /usr/share/man/man1/;
			dstSubfolderSpec = 0;
			files = (
			);
			runOnlyForDeploymentPostprocessing = 1;
		};
		51EEDC441D683E0600451835 /* CopyFiles */ = {
			isa = PBXCopyFilesBuildPhase;
			buildActionMask = 2147483647;
			dstPath = /usr/share/man/man1/;
			dstSubfolderSpec = 0;
			files = (
			);
			runOnlyForDeploymentPostprocessing = 1;
		};
		51EEDC4F1D68D9E600451835 /* CopyFiles */ = {
			isa = PBXCopyFilesBuildPhase;
			buildActionMask = 2147483647;
			dstPath = /usr/share/man/man1/;
			dstSubfolderSpec = 0;
			files = (
			);
			runOnlyForDeploymentPostprocessing = 1;
		};
		51EEDC5A1D68E0AD00451835 /* CopyFiles */ = {
			isa = PBXCopyFilesBuildPhase;
			buildActionMask = 2147483647;
			dstPath = /usr/share/man/man1/;
			dstSubfolderSpec = 0;
			files = (
			);
			runOnlyForDeploymentPostprocessing = 1;
		};
		51EEDC651D69723600451835 /* CopyFiles */ = {
			isa = PBXCopyFilesBuildPhase;
			buildActionMask = 2147483647;
			dstPath = /usr/share/man/man1/;
			dstSubfolderSpec = 0;
			files = (
			);
			runOnlyForDeploymentPostprocessing = 1;
		};
		51EEDCD51D6D043F00451835 /* CopyFiles */ = {
			isa = PBXCopyFilesBuildPhase;
			buildActionMask = 2147483647;
			dstPath = /usr/share/man/man1/;
			dstSubfolderSpec = 0;
			files = (
			);
			runOnlyForDeploymentPostprocessing = 1;
		};
/* End PBXCopyFilesBuildPhase section */

/* Begin PBXFileReference section */
		513AC2671D58C1E1006DE13D /* cprogram */ = {isa = PBXFileReference; explicitFileType = "compiled.mach-o.executable"; includeInIndex = 0; path = cprogram; sourceTree = BUILT_PRODUCTS_DIR; };
		513AC26A1D58C1E1006DE13D /* main.c */ = {isa = PBXFileReference; lastKnownFileType = sourcecode.c.c; path = main.c; sourceTree = "<group>"; };
		513AC2751D58C582006DE13D /* cnextpro */ = {isa = PBXFileReference; explicitFileType = "compiled.mach-o.executable"; includeInIndex = 0; path = cnextpro; sourceTree = BUILT_PRODUCTS_DIR; };
		513AC2771D58C582006DE13D /* main.c */ = {isa = PBXFileReference; lastKnownFileType = sourcecode.c.c; path = main.c; sourceTree = "<group>"; };
		513AC2931D5B5DFA006DE13D /* robot */ = {isa = PBXFileReference; explicitFileType = "compiled.mach-o.executable"; includeInIndex = 0; path = robot; sourceTree = BUILT_PRODUCTS_DIR; };
		513AC2951D5B5DFA006DE13D /* main.c */ = {isa = PBXFileReference; lastKnownFileType = sourcecode.c.c; path = main.c; sourceTree = "<group>"; };
		513AC29E1D5B642D006DE13D /* permutation */ = {isa = PBXFileReference; explicitFileType = "compiled.mach-o.executable"; includeInIndex = 0; path = permutation; sourceTree = BUILT_PRODUCTS_DIR; };
		513AC2A01D5B642D006DE13D /* main.c */ = {isa = PBXFileReference; lastKnownFileType = sourcecode.c.c; path = main.c; sourceTree = "<group>"; };
		513AC2A91D5C0CEA006DE13D /* merge */ = {isa = PBXFileReference; explicitFileType = "compiled.mach-o.executable"; includeInIndex = 0; path = merge; sourceTree = BUILT_PRODUCTS_DIR; };
		513AC2AB1D5C0CEA006DE13D /* main.c */ = {isa = PBXFileReference; lastKnownFileType = sourcecode.c.c; path = main.c; sourceTree = "<group>"; };
		513AC2B41D5C2140006DE13D /* cmp */ = {isa = PBXFileReference; explicitFileType = "compiled.mach-o.executable"; includeInIndex = 0; path = cmp; sourceTree = BUILT_PRODUCTS_DIR; };
		513AC2B61D5C2140006DE13D /* main.cpp */ = {isa = PBXFileReference; lastKnownFileType = sourcecode.cpp.cpp; path = main.cpp; sourceTree = "<group>"; };
		513AC2BF1D5C428B006DE13D /* search */ = {isa = PBXFileReference; explicitFileType = "compiled.mach-o.executable"; includeInIndex = 0; path = search; sourceTree = BUILT_PRODUCTS_DIR; };
		513AC2C11D5C428B006DE13D /* main.c */ = {isa = PBXFileReference; lastKnownFileType = sourcecode.c.c; path = main.c; sourceTree = "<group>"; };
		513AC2CA1D5C4C9E006DE13D /* searchArr */ = {isa = PBXFileReference; explicitFileType = "compiled.mach-o.executable"; includeInIndex = 0; path = searchArr; sourceTree = BUILT_PRODUCTS_DIR; };
		513AC2CC1D5C4C9E006DE13D /* main.c */ = {isa = PBXFileReference; lastKnownFileType = sourcecode.c.c; path = main.c; sourceTree = "<group>"; };
		51EEDB7B1D5CAE0600451835 /* searchMatrix */ = {isa = PBXFileReference; explicitFileType = "compiled.mach-o.executable"; includeInIndex = 0; path = searchMatrix; sourceTree = BUILT_PRODUCTS_DIR; };
		51EEDB7D1D5CAE0600451835 /* main.c */ = {isa = PBXFileReference; lastKnownFileType = sourcecode.c.c; path = main.c; sourceTree = "<group>"; };
		51EEDB861D5D27A300451835 /* swapC */ = {isa = PBXFileReference; explicitFileType = "compiled.mach-o.executable"; includeInIndex = 0; path = swapC; sourceTree = BUILT_PRODUCTS_DIR; };
		51EEDB881D5D27A300451835 /* main.c */ = {isa = PBXFileReference; lastKnownFileType = sourcecode.c.c; path = main.c; sourceTree = "<group>"; };
		51EEDC0F1D61108A00451835 /* fetch */ = {isa = PBXFileReference; explicitFileType = "compiled.mach-o.executable"; includeInIndex = 0; path = fetch; sourceTree = BUILT_PRODUCTS_DIR; };
		51EEDC111D61108A00451835 /* main.cpp */ = {isa = PBXFileReference; lastKnownFileType = sourcecode.cpp.cpp; path = main.cpp; sourceTree = "<group>"; };
		51EEDC1A1D6264B700451835 /* stringcontain */ = {isa = PBXFileReference; explicitFileType = "compiled.mach-o.executable"; includeInIndex = 0; path = stringcontain; sourceTree = BUILT_PRODUCTS_DIR; };
		51EEDC1C1D6264B700451835 /* main.c */ = {isa = PBXFileReference; lastKnownFileType = sourcecode.c.c; path = main.c; sourceTree = "<group>"; };
		51EEDC251D62727A00451835 /* wordcontain */ = {isa = PBXFileReference; explicitFileType = "compiled.mach-o.executable"; includeInIndex = 0; path = wordcontain; sourceTree = BUILT_PRODUCTS_DIR; };
		51EEDC271D62727A00451835 /* main.c */ = {isa = PBXFileReference; lastKnownFileType = sourcecode.c.c; path = main.c; sourceTree = "<group>"; };
		51EEDC301D63B77600451835 /* findSum */ = {isa = PBXFileReference; explicitFileType = "compiled.mach-o.executable"; includeInIndex = 0; path = findSum; sourceTree = BUILT_PRODUCTS_DIR; };
		51EEDC321D63B77600451835 /* main.cpp */ = {isa = PBXFileReference; lastKnownFileType = sourcecode.cpp.cpp; path = main.cpp; sourceTree = "<group>"; };
		51EEDC3B1D63B9A800451835 /* findSumOC */ = {isa = PBXFileReference; explicitFileType = "compiled.mach-o.executable"; includeInIndex = 0; path = findSumOC; sourceTree = BUILT_PRODUCTS_DIR; };
		51EEDC3D1D63B9A800451835 /* main.m */ = {isa = PBXFileReference; lastKnownFileType = sourcecode.c.objc; path = main.m; sourceTree = "<group>"; };
		51EEDC461D683E0600451835 /* testapp */ = {isa = PBXFileReference; explicitFileType = "compiled.mach-o.executable"; includeInIndex = 0; path = testapp; sourceTree = BUILT_PRODUCTS_DIR; };
		51EEDC481D683E0600451835 /* main.cpp */ = {isa = PBXFileReference; lastKnownFileType = sourcecode.cpp.cpp; path = main.cpp; sourceTree = "<group>"; };
		51EEDC511D68D9E600451835 /* const_test */ = {isa = PBXFileReference; explicitFileType = "compiled.mach-o.executable"; includeInIndex = 0; path = const_test; sourceTree = BUILT_PRODUCTS_DIR; };
		51EEDC531D68D9E600451835 /* main.cpp */ = {isa = PBXFileReference; lastKnownFileType = sourcecode.cpp.cpp; path = main.cpp; sourceTree = "<group>"; };
		51EEDC5C1D68E0AD00451835 /* const_test_c */ = {isa = PBXFileReference; explicitFileType = "compiled.mach-o.executable"; includeInIndex = 0; path = const_test_c; sourceTree = BUILT_PRODUCTS_DIR; };
		51EEDC5E1D68E0AD00451835 /* main.c */ = {isa = PBXFileReference; lastKnownFileType = sourcecode.c.c; path = main.c; sourceTree = "<group>"; };
		51EEDC671D69723600451835 /* cs106_lec3 */ = {isa = PBXFileReference; explicitFileType = "compiled.mach-o.executable"; includeInIndex = 0; path = cs106_lec3; sourceTree = BUILT_PRODUCTS_DIR; };
		51EEDC691D69723600451835 /* main.cpp */ = {isa = PBXFileReference; lastKnownFileType = sourcecode.cpp.cpp; path = main.cpp; sourceTree = "<group>"; };
		51EEDCD71D6D043F00451835 /* test_set */ = {isa = PBXFileReference; explicitFileType = "compiled.mach-o.executable"; includeInIndex = 0; path = test_set; sourceTree = BUILT_PRODUCTS_DIR; };
		51EEDCD91D6D043F00451835 /* main.cpp */ = {isa = PBXFileReference; lastKnownFileType = sourcecode.cpp.cpp; path = main.cpp; sourceTree = "<group>"; };
/* End PBXFileReference section */

/* Begin PBXFrameworksBuildPhase section */
		513AC2641D58C1E1006DE13D /* Frameworks */ = {
			isa = PBXFrameworksBuildPhase;
			buildActionMask = 2147483647;
			files = (
			);
			runOnlyForDeploymentPostprocessing = 0;
		};
		513AC2721D58C582006DE13D /* Frameworks */ = {
			isa = PBXFrameworksBuildPhase;
			buildActionMask = 2147483647;
			files = (
			);
			runOnlyForDeploymentPostprocessing = 0;
		};
		513AC2901D5B5DFA006DE13D /* Frameworks */ = {
			isa = PBXFrameworksBuildPhase;
			buildActionMask = 2147483647;
			files = (
			);
			runOnlyForDeploymentPostprocessing = 0;
		};
		513AC29B1D5B642D006DE13D /* Frameworks */ = {
			isa = PBXFrameworksBuildPhase;
			buildActionMask = 2147483647;
			files = (
			);
			runOnlyForDeploymentPostprocessing = 0;
		};
		513AC2A61D5C0CEA006DE13D /* Frameworks */ = {
			isa = PBXFrameworksBuildPhase;
			buildActionMask = 2147483647;
			files = (
			);
			runOnlyForDeploymentPostprocessing = 0;
		};
		513AC2B11D5C2140006DE13D /* Frameworks */ = {
			isa = PBXFrameworksBuildPhase;
			buildActionMask = 2147483647;
			files = (
			);
			runOnlyForDeploymentPostprocessing = 0;
		};
		513AC2BC1D5C428B006DE13D /* Frameworks */ = {
			isa = PBXFrameworksBuildPhase;
			buildActionMask = 2147483647;
			files = (
			);
			runOnlyForDeploymentPostprocessing = 0;
		};
		513AC2C71D5C4C9E006DE13D /* Frameworks */ = {
			isa = PBXFrameworksBuildPhase;
			buildActionMask = 2147483647;
			files = (
			);
			runOnlyForDeploymentPostprocessing = 0;
		};
		51EEDB781D5CAE0600451835 /* Frameworks */ = {
			isa = PBXFrameworksBuildPhase;
			buildActionMask = 2147483647;
			files = (
			);
			runOnlyForDeploymentPostprocessing = 0;
		};
		51EEDB831D5D27A300451835 /* Frameworks */ = {
			isa = PBXFrameworksBuildPhase;
			buildActionMask = 2147483647;
			files = (
			);
			runOnlyForDeploymentPostprocessing = 0;
		};
		51EEDC0C1D61108A00451835 /* Frameworks */ = {
			isa = PBXFrameworksBuildPhase;
			buildActionMask = 2147483647;
			files = (
			);
			runOnlyForDeploymentPostprocessing = 0;
		};
		51EEDC171D6264B700451835 /* Frameworks */ = {
			isa = PBXFrameworksBuildPhase;
			buildActionMask = 2147483647;
			files = (
			);
			runOnlyForDeploymentPostprocessing = 0;
		};
		51EEDC221D62727A00451835 /* Frameworks */ = {
			isa = PBXFrameworksBuildPhase;
			buildActionMask = 2147483647;
			files = (
			);
			runOnlyForDeploymentPostprocessing = 0;
		};
		51EEDC2D1D63B77600451835 /* Frameworks */ = {
			isa = PBXFrameworksBuildPhase;
			buildActionMask = 2147483647;
			files = (
			);
			runOnlyForDeploymentPostprocessing = 0;
		};
		51EEDC381D63B9A800451835 /* Frameworks */ = {
			isa = PBXFrameworksBuildPhase;
			buildActionMask = 2147483647;
			files = (
			);
			runOnlyForDeploymentPostprocessing = 0;
		};
		51EEDC431D683E0600451835 /* Frameworks */ = {
			isa = PBXFrameworksBuildPhase;
			buildActionMask = 2147483647;
			files = (
			);
			runOnlyForDeploymentPostprocessing = 0;
		};
		51EEDC4E1D68D9E600451835 /* Frameworks */ = {
			isa = PBXFrameworksBuildPhase;
			buildActionMask = 2147483647;
			files = (
			);
			runOnlyForDeploymentPostprocessing = 0;
		};
		51EEDC591D68E0AD00451835 /* Frameworks */ = {
			isa = PBXFrameworksBuildPhase;
			buildActionMask = 2147483647;
			files = (
			);
			runOnlyForDeploymentPostprocessing = 0;
		};
		51EEDC641D69723600451835 /* Frameworks */ = {
			isa = PBXFrameworksBuildPhase;
			buildActionMask = 2147483647;
			files = (
			);
			runOnlyForDeploymentPostprocessing = 0;
		};
		51EEDCD41D6D043F00451835 /* Frameworks */ = {
			isa = PBXFrameworksBuildPhase;
			buildActionMask = 2147483647;
			files = (
			);
			runOnlyForDeploymentPostprocessing = 0;
		};
/* End PBXFrameworksBuildPhase section */

/* Begin PBXGroup section */
		513AC25E1D58C1E1006DE13D = {
			isa = PBXGroup;
			children = (
				513AC2691D58C1E1006DE13D /* cprogram */,
				513AC2761D58C582006DE13D /* cnextpro */,
				513AC2941D5B5DFA006DE13D /* robot */,
				513AC29F1D5B642D006DE13D /* permutation */,
				513AC2AA1D5C0CEA006DE13D /* merge */,
				513AC2B51D5C2140006DE13D /* cmp */,
				513AC2C01D5C428B006DE13D /* search */,
				513AC2CB1D5C4C9E006DE13D /* searchArr */,
				51EEDB7C1D5CAE0600451835 /* searchMatrix */,
				51EEDB871D5D27A300451835 /* swapC */,
				51EEDC101D61108A00451835 /* fetch */,
				51EEDC1B1D6264B700451835 /* stringcontain */,
				51EEDC261D62727A00451835 /* wordcontain */,
				51EEDC311D63B77600451835 /* findSum */,
				51EEDC3C1D63B9A800451835 /* findSumOC */,
				51EEDC471D683E0600451835 /* testapp */,
				51EEDC521D68D9E600451835 /* const_test */,
				51EEDC5D1D68E0AD00451835 /* const_test_c */,
				51EEDC681D69723600451835 /* cs106_lec3 */,
				51EEDCD81D6D043F00451835 /* test_set */,
				513AC2681D58C1E1006DE13D /* Products */,
			);
			sourceTree = "<group>";
		};
		513AC2681D58C1E1006DE13D /* Products */ = {
			isa = PBXGroup;
			children = (
				513AC2671D58C1E1006DE13D /* cprogram */,
				513AC2751D58C582006DE13D /* cnextpro */,
				513AC2931D5B5DFA006DE13D /* robot */,
				513AC29E1D5B642D006DE13D /* permutation */,
				513AC2A91D5C0CEA006DE13D /* merge */,
				513AC2B41D5C2140006DE13D /* cmp */,
				513AC2BF1D5C428B006DE13D /* search */,
				513AC2CA1D5C4C9E006DE13D /* searchArr */,
				51EEDB7B1D5CAE0600451835 /* searchMatrix */,
				51EEDB861D5D27A300451835 /* swapC */,
				51EEDC0F1D61108A00451835 /* fetch */,
				51EEDC1A1D6264B700451835 /* stringcontain */,
				51EEDC251D62727A00451835 /* wordcontain */,
				51EEDC301D63B77600451835 /* findSum */,
				51EEDC3B1D63B9A800451835 /* findSumOC */,
				51EEDC461D683E0600451835 /* testapp */,
				51EEDC511D68D9E600451835 /* const_test */,
				51EEDC5C1D68E0AD00451835 /* const_test_c */,
				51EEDC671D69723600451835 /* cs106_lec3 */,
				51EEDCD71D6D043F00451835 /* test_set */,
			);
			name = Products;
			sourceTree = "<group>";
		};
		513AC2691D58C1E1006DE13D /* cprogram */ = {
			isa = PBXGroup;
			children = (
				513AC26A1D58C1E1006DE13D /* main.c */,
			);
			path = cprogram;
			sourceTree = "<group>";
		};
		513AC2761D58C582006DE13D /* cnextpro */ = {
			isa = PBXGroup;
			children = (
				513AC2771D58C582006DE13D /* main.c */,
			);
			path = cnextpro;
			sourceTree = "<group>";
		};
		513AC2941D5B5DFA006DE13D /* robot */ = {
			isa = PBXGroup;
			children = (
				513AC2951D5B5DFA006DE13D /* main.c */,
			);
			path = robot;
			sourceTree = "<group>";
		};
		513AC29F1D5B642D006DE13D /* permutation */ = {
			isa = PBXGroup;
			children = (
				513AC2A01D5B642D006DE13D /* main.c */,
			);
			path = permutation;
			sourceTree = "<group>";
		};
		513AC2AA1D5C0CEA006DE13D /* merge */ = {
			isa = PBXGroup;
			children = (
				513AC2AB1D5C0CEA006DE13D /* main.c */,
			);
			path = merge;
			sourceTree = "<group>";
		};
		513AC2B51D5C2140006DE13D /* cmp */ = {
			isa = PBXGroup;
			children = (
				513AC2B61D5C2140006DE13D /* main.cpp */,
			);
			path = cmp;
			sourceTree = "<group>";
		};
		513AC2C01D5C428B006DE13D /* search */ = {
			isa = PBXGroup;
			children = (
				513AC2C11D5C428B006DE13D /* main.c */,
			);
			path = search;
			sourceTree = "<group>";
		};
		513AC2CB1D5C4C9E006DE13D /* searchArr */ = {
			isa = PBXGroup;
			children = (
				513AC2CC1D5C4C9E006DE13D /* main.c */,
			);
			path = searchArr;
			sourceTree = "<group>";
		};
		51EEDB7C1D5CAE0600451835 /* searchMatrix */ = {
			isa = PBXGroup;
			children = (
				51EEDB7D1D5CAE0600451835 /* main.c */,
			);
			path = searchMatrix;
			sourceTree = "<group>";
		};
		51EEDB871D5D27A300451835 /* swapC */ = {
			isa = PBXGroup;
			children = (
				51EEDB881D5D27A300451835 /* main.c */,
			);
			path = swapC;
			sourceTree = "<group>";
		};
		51EEDC101D61108A00451835 /* fetch */ = {
			isa = PBXGroup;
			children = (
				51EEDC111D61108A00451835 /* main.cpp */,
			);
			path = fetch;
			sourceTree = "<group>";
		};
		51EEDC1B1D6264B700451835 /* stringcontain */ = {
			isa = PBXGroup;
			children = (
				51EEDC1C1D6264B700451835 /* main.c */,
			);
			path = stringcontain;
			sourceTree = "<group>";
		};
		51EEDC261D62727A00451835 /* wordcontain */ = {
			isa = PBXGroup;
			children = (
				51EEDC271D62727A00451835 /* main.c */,
			);
			path = wordcontain;
			sourceTree = "<group>";
		};
		51EEDC311D63B77600451835 /* findSum */ = {
			isa = PBXGroup;
			children = (
				51EEDC321D63B77600451835 /* main.cpp */,
			);
			path = findSum;
			sourceTree = "<group>";
		};
		51EEDC3C1D63B9A800451835 /* findSumOC */ = {
			isa = PBXGroup;
			children = (
				51EEDC3D1D63B9A800451835 /* main.m */,
			);
			path = findSumOC;
			sourceTree = "<group>";
		};
		51EEDC471D683E0600451835 /* testapp */ = {
			isa = PBXGroup;
			children = (
				51EEDC481D683E0600451835 /* main.cpp */,
			);
			path = testapp;
			sourceTree = "<group>";
		};
		51EEDC521D68D9E600451835 /* const_test */ = {
			isa = PBXGroup;
			children = (
				51EEDC531D68D9E600451835 /* main.cpp */,
			);
			path = const_test;
			sourceTree = "<group>";
		};
		51EEDC5D1D68E0AD00451835 /* const_test_c */ = {
			isa = PBXGroup;
			children = (
				51EEDC5E1D68E0AD00451835 /* main.c */,
			);
			path = const_test_c;
			sourceTree = "<group>";
		};
		51EEDC681D69723600451835 /* cs106_lec3 */ = {
			isa = PBXGroup;
			children = (
				51EEDC691D69723600451835 /* main.cpp */,
			);
			path = cs106_lec3;
			sourceTree = "<group>";
		};
		51EEDCD81D6D043F00451835 /* test_set */ = {
			isa = PBXGroup;
			children = (
				51EEDCD91D6D043F00451835 /* main.cpp */,
			);
			path = test_set;
			sourceTree = "<group>";
		};
/* End PBXGroup section */

/* Begin PBXNativeTarget section */
		513AC2661D58C1E1006DE13D /* cprogram */ = {
			isa = PBXNativeTarget;
			buildConfigurationList = 513AC26E1D58C1E1006DE13D /* Build configuration list for PBXNativeTarget "cprogram" */;
			buildPhases = (
				513AC2631D58C1E1006DE13D /* Sources */,
				513AC2641D58C1E1006DE13D /* Frameworks */,
				513AC2651D58C1E1006DE13D /* CopyFiles */,
			);
			buildRules = (
			);
			dependencies = (
			);
			name = cprogram;
			productName = cprogram;
			productReference = 513AC2671D58C1E1006DE13D /* cprogram */;
			productType = "com.apple.product-type.tool";
		};
		513AC2741D58C582006DE13D /* cnextpro */ = {
			isa = PBXNativeTarget;
			buildConfigurationList = 513AC2791D58C582006DE13D /* Build configuration list for PBXNativeTarget "cnextpro" */;
			buildPhases = (
				513AC2711D58C582006DE13D /* Sources */,
				513AC2721D58C582006DE13D /* Frameworks */,
				513AC2731D58C582006DE13D /* CopyFiles */,
			);
			buildRules = (
			);
			dependencies = (
			);
			name = cnextpro;
			productName = cnextpro;
			productReference = 513AC2751D58C582006DE13D /* cnextpro */;
			productType = "com.apple.product-type.tool";
		};
		513AC2921D5B5DFA006DE13D /* robot */ = {
			isa = PBXNativeTarget;
			buildConfigurationList = 513AC2971D5B5DFA006DE13D /* Build configuration list for PBXNativeTarget "robot" */;
			buildPhases = (
				513AC28F1D5B5DFA006DE13D /* Sources */,
				513AC2901D5B5DFA006DE13D /* Frameworks */,
				513AC2911D5B5DFA006DE13D /* CopyFiles */,
			);
			buildRules = (
			);
			dependencies = (
			);
			name = robot;
			productName = robot;
			productReference = 513AC2931D5B5DFA006DE13D /* robot */;
			productType = "com.apple.product-type.tool";
		};
		513AC29D1D5B642D006DE13D /* permutation */ = {
			isa = PBXNativeTarget;
			buildConfigurationList = 513AC2A21D5B642D006DE13D /* Build configuration list for PBXNativeTarget "permutation" */;
			buildPhases = (
				513AC29A1D5B642D006DE13D /* Sources */,
				513AC29B1D5B642D006DE13D /* Frameworks */,
				513AC29C1D5B642D006DE13D /* CopyFiles */,
			);
			buildRules = (
			);
			dependencies = (
			);
			name = permutation;
			productName = permutation;
			productReference = 513AC29E1D5B642D006DE13D /* permutation */;
			productType = "com.apple.product-type.tool";
		};
		513AC2A81D5C0CEA006DE13D /* merge */ = {
			isa = PBXNativeTarget;
			buildConfigurationList = 513AC2AD1D5C0CEA006DE13D /* Build configuration list for PBXNativeTarget "merge" */;
			buildPhases = (
				513AC2A51D5C0CEA006DE13D /* Sources */,
				513AC2A61D5C0CEA006DE13D /* Frameworks */,
				513AC2A71D5C0CEA006DE13D /* CopyFiles */,
			);
			buildRules = (
			);
			dependencies = (
			);
			name = merge;
			productName = merge;
			productReference = 513AC2A91D5C0CEA006DE13D /* merge */;
			productType = "com.apple.product-type.tool";
		};
		513AC2B31D5C2140006DE13D /* cmp */ = {
			isa = PBXNativeTarget;
			buildConfigurationList = 513AC2B81D5C2140006DE13D /* Build configuration list for PBXNativeTarget "cmp" */;
			buildPhases = (
				513AC2B01D5C2140006DE13D /* Sources */,
				513AC2B11D5C2140006DE13D /* Frameworks */,
				513AC2B21D5C2140006DE13D /* CopyFiles */,
			);
			buildRules = (
			);
			dependencies = (
			);
			name = cmp;
			productName = cmp;
			productReference = 513AC2B41D5C2140006DE13D /* cmp */;
			productType = "com.apple.product-type.tool";
		};
		513AC2BE1D5C428B006DE13D /* search */ = {
			isa = PBXNativeTarget;
			buildConfigurationList = 513AC2C31D5C428B006DE13D /* Build configuration list for PBXNativeTarget "search" */;
			buildPhases = (
				513AC2BB1D5C428B006DE13D /* Sources */,
				513AC2BC1D5C428B006DE13D /* Frameworks */,
				513AC2BD1D5C428B006DE13D /* CopyFiles */,
			);
			buildRules = (
			);
			dependencies = (
			);
			name = search;
			productName = search;
			productReference = 513AC2BF1D5C428B006DE13D /* search */;
			productType = "com.apple.product-type.tool";
		};
		513AC2C91D5C4C9E006DE13D /* searchArr */ = {
			isa = PBXNativeTarget;
			buildConfigurationList = 513AC2CE1D5C4C9E006DE13D /* Build configuration list for PBXNativeTarget "searchArr" */;
			buildPhases = (
				513AC2C61D5C4C9E006DE13D /* Sources */,
				513AC2C71D5C4C9E006DE13D /* Frameworks */,
				513AC2C81D5C4C9E006DE13D /* CopyFiles */,
			);
			buildRules = (
			);
			dependencies = (
			);
			name = searchArr;
			productName = searchArr;
			productReference = 513AC2CA1D5C4C9E006DE13D /* searchArr */;
			productType = "com.apple.product-type.tool";
		};
		51EEDB7A1D5CAE0600451835 /* searchMatrix */ = {
			isa = PBXNativeTarget;
			buildConfigurationList = 51EEDB811D5CAE0600451835 /* Build configuration list for PBXNativeTarget "searchMatrix" */;
			buildPhases = (
				51EEDB771D5CAE0600451835 /* Sources */,
				51EEDB781D5CAE0600451835 /* Frameworks */,
				51EEDB791D5CAE0600451835 /* CopyFiles */,
			);
			buildRules = (
			);
			dependencies = (
			);
			name = searchMatrix;
			productName = searchMatrix;
			productReference = 51EEDB7B1D5CAE0600451835 /* searchMatrix */;
			productType = "com.apple.product-type.tool";
		};
		51EEDB851D5D27A300451835 /* swapC */ = {
			isa = PBXNativeTarget;
			buildConfigurationList = 51EEDB8A1D5D27A300451835 /* Build configuration list for PBXNativeTarget "swapC" */;
			buildPhases = (
				51EEDB821D5D27A300451835 /* Sources */,
				51EEDB831D5D27A300451835 /* Frameworks */,
				51EEDB841D5D27A300451835 /* CopyFiles */,
			);
			buildRules = (
			);
			dependencies = (
			);
			name = swapC;
			productName = swapC;
			productReference = 51EEDB861D5D27A300451835 /* swapC */;
			productType = "com.apple.product-type.tool";
		};
		51EEDC0E1D61108A00451835 /* fetch */ = {
			isa = PBXNativeTarget;
			buildConfigurationList = 51EEDC131D61108A00451835 /* Build configuration list for PBXNativeTarget "fetch" */;
			buildPhases = (
				51EEDC0B1D61108A00451835 /* Sources */,
				51EEDC0C1D61108A00451835 /* Frameworks */,
				51EEDC0D1D61108A00451835 /* CopyFiles */,
			);
			buildRules = (
			);
			dependencies = (
			);
			name = fetch;
			productName = fetch;
			productReference = 51EEDC0F1D61108A00451835 /* fetch */;
			productType = "com.apple.product-type.tool";
		};
		51EEDC191D6264B700451835 /* stringcontain */ = {
			isa = PBXNativeTarget;
			buildConfigurationList = 51EEDC1E1D6264B700451835 /* Build configuration list for PBXNativeTarget "stringcontain" */;
			buildPhases = (
				51EEDC161D6264B700451835 /* Sources */,
				51EEDC171D6264B700451835 /* Frameworks */,
				51EEDC181D6264B700451835 /* CopyFiles */,
			);
			buildRules = (
			);
			dependencies = (
			);
			name = stringcontain;
			productName = stringcontain;
			productReference = 51EEDC1A1D6264B700451835 /* stringcontain */;
			productType = "com.apple.product-type.tool";
		};
		51EEDC241D62727A00451835 /* wordcontain */ = {
			isa = PBXNativeTarget;
			buildConfigurationList = 51EEDC291D62727A00451835 /* Build configuration list for PBXNativeTarget "wordcontain" */;
			buildPhases = (
				51EEDC211D62727A00451835 /* Sources */,
				51EEDC221D62727A00451835 /* Frameworks */,
				51EEDC231D62727A00451835 /* CopyFiles */,
			);
			buildRules = (
			);
			dependencies = (
			);
			name = wordcontain;
			productName = wordcontain;
			productReference = 51EEDC251D62727A00451835 /* wordcontain */;
			productType = "com.apple.product-type.tool";
		};
		51EEDC2F1D63B77600451835 /* findSum */ = {
			isa = PBXNativeTarget;
			buildConfigurationList = 51EEDC341D63B77600451835 /* Build configuration list for PBXNativeTarget "findSum" */;
			buildPhases = (
				51EEDC2C1D63B77600451835 /* Sources */,
				51EEDC2D1D63B77600451835 /* Frameworks */,
				51EEDC2E1D63B77600451835 /* CopyFiles */,
			);
			buildRules = (
			);
			dependencies = (
			);
			name = findSum;
			productName = findSum;
			productReference = 51EEDC301D63B77600451835 /* findSum */;
			productType = "com.apple.product-type.tool";
		};
		51EEDC3A1D63B9A800451835 /* findSumOC */ = {
			isa = PBXNativeTarget;
			buildConfigurationList = 51EEDC3F1D63B9A800451835 /* Build configuration list for PBXNativeTarget "findSumOC" */;
			buildPhases = (
				51EEDC371D63B9A800451835 /* Sources */,
				51EEDC381D63B9A800451835 /* Frameworks */,
				51EEDC391D63B9A800451835 /* CopyFiles */,
			);
			buildRules = (
			);
			dependencies = (
			);
			name = findSumOC;
			productName = findSumOC;
			productReference = 51EEDC3B1D63B9A800451835 /* findSumOC */;
			productType = "com.apple.product-type.tool";
		};
		51EEDC451D683E0600451835 /* testapp */ = {
			isa = PBXNativeTarget;
			buildConfigurationList = 51EEDC4A1D683E0600451835 /* Build configuration list for PBXNativeTarget "testapp" */;
			buildPhases = (
				51EEDC421D683E0600451835 /* Sources */,
				51EEDC431D683E0600451835 /* Frameworks */,
				51EEDC441D683E0600451835 /* CopyFiles */,
			);
			buildRules = (
			);
			dependencies = (
			);
			name = testapp;
			productName = testapp;
			productReference = 51EEDC461D683E0600451835 /* testapp */;
			productType = "com.apple.product-type.tool";
		};
		51EEDC501D68D9E600451835 /* const_test */ = {
			isa = PBXNativeTarget;
			buildConfigurationList = 51EEDC551D68D9E600451835 /* Build configuration list for PBXNativeTarget "const_test" */;
			buildPhases = (
				51EEDC4D1D68D9E600451835 /* Sources */,
				51EEDC4E1D68D9E600451835 /* Frameworks */,
				51EEDC4F1D68D9E600451835 /* CopyFiles */,
			);
			buildRules = (
			);
			dependencies = (
			);
			name = const_test;
			productName = const_test;
			productReference = 51EEDC511D68D9E600451835 /* const_test */;
			productType = "com.apple.product-type.tool";
		};
		51EEDC5B1D68E0AD00451835 /* const_test_c */ = {
			isa = PBXNativeTarget;
			buildConfigurationList = 51EEDC601D68E0AD00451835 /* Build configuration list for PBXNativeTarget "const_test_c" */;
			buildPhases = (
				51EEDC581D68E0AD00451835 /* Sources */,
				51EEDC591D68E0AD00451835 /* Frameworks */,
				51EEDC5A1D68E0AD00451835 /* CopyFiles */,
			);
			buildRules = (
			);
			dependencies = (
			);
			name = const_test_c;
			productName = const_test_c;
			productReference = 51EEDC5C1D68E0AD00451835 /* const_test_c */;
			productType = "com.apple.product-type.tool";
		};
		51EEDC661D69723600451835 /* cs106_lec3 */ = {
			isa = PBXNativeTarget;
			buildConfigurationList = 51EEDC6B1D69723600451835 /* Build configuration list for PBXNativeTarget "cs106_lec3" */;
			buildPhases = (
				51EEDC631D69723600451835 /* Sources */,
				51EEDC641D69723600451835 /* Frameworks */,
				51EEDC651D69723600451835 /* CopyFiles */,
			);
			buildRules = (
			);
			dependencies = (
			);
			name = cs106_lec3;
			productName = cs106_lec3;
			productReference = 51EEDC671D69723600451835 /* cs106_lec3 */;
			productType = "com.apple.product-type.tool";
		};
		51EEDCD61D6D043F00451835 /* test_set */ = {
			isa = PBXNativeTarget;
			buildConfigurationList = 51EEDCDB1D6D043F00451835 /* Build configuration list for PBXNativeTarget "test_set" */;
			buildPhases = (
				51EEDCD31D6D043F00451835 /* Sources */,
				51EEDCD41D6D043F00451835 /* Frameworks */,
				51EEDCD51D6D043F00451835 /* CopyFiles */,
			);
			buildRules = (
			);
			dependencies = (
			);
			name = test_set;
			productName = test_set;
			productReference = 51EEDCD71D6D043F00451835 /* test_set */;
			productType = "com.apple.product-type.tool";
		};
/* End PBXNativeTarget section */

/* Begin PBXProject section */
		513AC25F1D58C1E1006DE13D /* Project object */ = {
			isa = PBXProject;
			attributes = {
				LastUpgradeCheck = 0730;
				ORGANIZATIONNAME = "厳恒";
				TargetAttributes = {
					513AC2661D58C1E1006DE13D = {
						CreatedOnToolsVersion = 7.3.1;
					};
					513AC2741D58C582006DE13D = {
						CreatedOnToolsVersion = 7.3.1;
					};
					513AC2921D5B5DFA006DE13D = {
						CreatedOnToolsVersion = 7.3.1;
					};
					513AC29D1D5B642D006DE13D = {
						CreatedOnToolsVersion = 7.3.1;
					};
					513AC2A81D5C0CEA006DE13D = {
						CreatedOnToolsVersion = 7.3.1;
					};
					513AC2B31D5C2140006DE13D = {
						CreatedOnToolsVersion = 7.3.1;
					};
					513AC2BE1D5C428B006DE13D = {
						CreatedOnToolsVersion = 7.3.1;
					};
					513AC2C91D5C4C9E006DE13D = {
						CreatedOnToolsVersion = 7.3.1;
					};
					51EEDB7A1D5CAE0600451835 = {
						CreatedOnToolsVersion = 7.3.1;
					};
					51EEDB851D5D27A300451835 = {
						CreatedOnToolsVersion = 7.3.1;
					};
					51EEDC0E1D61108A00451835 = {
						CreatedOnToolsVersion = 7.3.1;
					};
					51EEDC191D6264B700451835 = {
						CreatedOnToolsVersion = 7.3.1;
					};
					51EEDC241D62727A00451835 = {
						CreatedOnToolsVersion = 7.3.1;
					};
					51EEDC2F1D63B77600451835 = {
						CreatedOnToolsVersion = 7.3.1;
					};
					51EEDC3A1D63B9A800451835 = {
						CreatedOnToolsVersion = 7.3.1;
					};
					51EEDC451D683E0600451835 = {
						CreatedOnToolsVersion = 7.3.1;
					};
					51EEDC501D68D9E600451835 = {
						CreatedOnToolsVersion = 7.3.1;
					};
					51EEDC5B1D68E0AD00451835 = {
						CreatedOnToolsVersion = 7.3.1;
					};
					51EEDC661D69723600451835 = {
						CreatedOnToolsVersion = 7.3.1;
					};
					51EEDCD61D6D043F00451835 = {
						CreatedOnToolsVersion = 7.3.1;
					};
				};
			};
			buildConfigurationList = 513AC2621D58C1E1006DE13D /* Build configuration list for PBXProject "cprogram" */;
			compatibilityVersion = "Xcode 3.2";
			developmentRegion = English;
			hasScannedForEncodings = 0;
			knownRegions = (
				en,
			);
			mainGroup = 513AC25E1D58C1E1006DE13D;
			productRefGroup = 513AC2681D58C1E1006DE13D /* Products */;
			projectDirPath = "";
			projectRoot = "";
			targets = (
				513AC2661D58C1E1006DE13D /* cprogram */,
				513AC2741D58C582006DE13D /* cnextpro */,
				513AC2921D5B5DFA006DE13D /* robot */,
				513AC29D1D5B642D006DE13D /* permutation */,
				513AC2A81D5C0CEA006DE13D /* merge */,
				513AC2B31D5C2140006DE13D /* cmp */,
				513AC2BE1D5C428B006DE13D /* search */,
				513AC2C91D5C4C9E006DE13D /* searchArr */,
				51EEDB7A1D5CAE0600451835 /* searchMatrix */,
				51EEDB851D5D27A300451835 /* swapC */,
				51EEDC0E1D61108A00451835 /* fetch */,
				51EEDC191D6264B700451835 /* stringcontain */,
				51EEDC241D62727A00451835 /* wordcontain */,
				51EEDC2F1D63B77600451835 /* findSum */,
				51EEDC3A1D63B9A800451835 /* findSumOC */,
				51EEDC451D683E0600451835 /* testapp */,
				51EEDC501D68D9E600451835 /* const_test */,
				51EEDC5B1D68E0AD00451835 /* const_test_c */,
				51EEDC661D69723600451835 /* cs106_lec3 */,
				51EEDCD61D6D043F00451835 /* test_set */,
			);
		};
/* End PBXProject section */

/* Begin PBXSourcesBuildPhase section */
		513AC2631D58C1E1006DE13D /* Sources */ = {
			isa = PBXSourcesBuildPhase;
			buildActionMask = 2147483647;
			files = (
				513AC26B1D58C1E1006DE13D /* main.c in Sources */,
			);
			runOnlyForDeploymentPostprocessing = 0;
		};
		513AC2711D58C582006DE13D /* Sources */ = {
			isa = PBXSourcesBuildPhase;
			buildActionMask = 2147483647;
			files = (
				513AC2781D58C582006DE13D /* main.c in Sources */,
			);
			runOnlyForDeploymentPostprocessing = 0;
		};
		513AC28F1D5B5DFA006DE13D /* Sources */ = {
			isa = PBXSourcesBuildPhase;
			buildActionMask = 2147483647;
			files = (
				513AC2961D5B5DFA006DE13D /* main.c in Sources */,
			);
			runOnlyForDeploymentPostprocessing = 0;
		};
		513AC29A1D5B642D006DE13D /* Sources */ = {
			isa = PBXSourcesBuildPhase;
			buildActionMask = 2147483647;
			files = (
				513AC2A11D5B642D006DE13D /* main.c in Sources */,
			);
			runOnlyForDeploymentPostprocessing = 0;
		};
		513AC2A51D5C0CEA006DE13D /* Sources */ = {
			isa = PBXSourcesBuildPhase;
			buildActionMask = 2147483647;
			files = (
				513AC2AC1D5C0CEA006DE13D /* main.c in Sources */,
			);
			runOnlyForDeploymentPostprocessing = 0;
		};
		513AC2B01D5C2140006DE13D /* Sources */ = {
			isa = PBXSourcesBuildPhase;
			buildActionMask = 2147483647;
			files = (
				513AC2B71D5C2140006DE13D /* main.cpp in Sources */,
			);
			runOnlyForDeploymentPostprocessing = 0;
		};
		513AC2BB1D5C428B006DE13D /* Sources */ = {
			isa = PBXSourcesBuildPhase;
			buildActionMask = 2147483647;
			files = (
				513AC2C21D5C428B006DE13D /* main.c in Sources */,
			);
			runOnlyForDeploymentPostprocessing = 0;
		};
		513AC2C61D5C4C9E006DE13D /* Sources */ = {
			isa = PBXSourcesBuildPhase;
			buildActionMask = 2147483647;
			files = (
				513AC2CD1D5C4C9E006DE13D /* main.c in Sources */,
			);
			runOnlyForDeploymentPostprocessing = 0;
		};
		51EEDB771D5CAE0600451835 /* Sources */ = {
			isa = PBXSourcesBuildPhase;
			buildActionMask = 2147483647;
			files = (
				51EEDB7E1D5CAE0600451835 /* main.c in Sources */,
			);
			runOnlyForDeploymentPostprocessing = 0;
		};
		51EEDB821D5D27A300451835 /* Sources */ = {
			isa = PBXSourcesBuildPhase;
			buildActionMask = 2147483647;
			files = (
				51EEDB891D5D27A300451835 /* main.c in Sources */,
			);
			runOnlyForDeploymentPostprocessing = 0;
		};
		51EEDC0B1D61108A00451835 /* Sources */ = {
			isa = PBXSourcesBuildPhase;
			buildActionMask = 2147483647;
			files = (
				51EEDC121D61108A00451835 /* main.cpp in Sources */,
			);
			runOnlyForDeploymentPostprocessing = 0;
		};
		51EEDC161D6264B700451835 /* Sources */ = {
			isa = PBXSourcesBuildPhase;
			buildActionMask = 2147483647;
			files = (
				51EEDC1D1D6264B700451835 /* main.c in Sources */,
			);
			runOnlyForDeploymentPostprocessing = 0;
		};
		51EEDC211D62727A00451835 /* Sources */ = {
			isa = PBXSourcesBuildPhase;
			buildActionMask = 2147483647;
			files = (
				51EEDC281D62727A00451835 /* main.c in Sources */,
			);
			runOnlyForDeploymentPostprocessing = 0;
		};
		51EEDC2C1D63B77600451835 /* Sources */ = {
			isa = PBXSourcesBuildPhase;
			buildActionMask = 2147483647;
			files = (
				51EEDC331D63B77600451835 /* main.cpp in Sources */,
			);
			runOnlyForDeploymentPostprocessing = 0;
		};
		51EEDC371D63B9A800451835 /* Sources */ = {
			isa = PBXSourcesBuildPhase;
			buildActionMask = 2147483647;
			files = (
				51EEDC3E1D63B9A800451835 /* main.m in Sources */,
			);
			runOnlyForDeploymentPostprocessing = 0;
		};
		51EEDC421D683E0600451835 /* Sources */ = {
			isa = PBXSourcesBuildPhase;
			buildActionMask = 2147483647;
			files = (
				51EEDC491D683E0600451835 /* main.cpp in Sources */,
			);
			runOnlyForDeploymentPostprocessing = 0;
		};
		51EEDC4D1D68D9E600451835 /* Sources */ = {
			isa = PBXSourcesBuildPhase;
			buildActionMask = 2147483647;
			files = (
				51EEDC541D68D9E600451835 /* main.cpp in Sources */,
			);
			runOnlyForDeploymentPostprocessing = 0;
		};
		51EEDC581D68E0AD00451835 /* Sources */ = {
			isa = PBXSourcesBuildPhase;
			buildActionMask = 2147483647;
			files = (
				51EEDC5F1D68E0AD00451835 /* main.c in Sources */,
			);
			runOnlyForDeploymentPostprocessing = 0;
		};
		51EEDC631D69723600451835 /* Sources */ = {
			isa = PBXSourcesBuildPhase;
			buildActionMask = 2147483647;
			files = (
				51EEDC6A1D69723600451835 /* main.cpp in Sources */,
			);
			runOnlyForDeploymentPostprocessing = 0;
		};
		51EEDCD31D6D043F00451835 /* Sources */ = {
			isa = PBXSourcesBuildPhase;
			buildActionMask = 2147483647;
			files = (
				51EEDCDA1D6D043F00451835 /* main.cpp in Sources */,
			);
			runOnlyForDeploymentPostprocessing = 0;
		};
/* End PBXSourcesBuildPhase section */

/* Begin XCBuildConfiguration section */
		513AC26C1D58C1E1006DE13D /* Debug */ = {
			isa = XCBuildConfiguration;
			buildSettings = {
				ALWAYS_SEARCH_USER_PATHS = NO;
				CLANG_ANALYZER_NONNULL = YES;
				CLANG_CXX_LANGUAGE_STANDARD = "gnu++0x";
				CLANG_CXX_LIBRARY = "libc++";
				CLANG_ENABLE_MODULES = YES;
				CLANG_ENABLE_OBJC_ARC = YES;
				CLANG_WARN_BOOL_CONVERSION = YES;
				CLANG_WARN_CONSTANT_CONVERSION = YES;
				CLANG_WARN_DIRECT_OBJC_ISA_USAGE = YES_ERROR;
				CLANG_WARN_EMPTY_BODY = YES;
				CLANG_WARN_ENUM_CONVERSION = YES;
				CLANG_WARN_INT_CONVERSION = YES;
				CLANG_WARN_OBJC_ROOT_CLASS = YES_ERROR;
				CLANG_WARN_UNREACHABLE_CODE = YES;
				CLANG_WARN__DUPLICATE_METHOD_MATCH = YES;
				CODE_SIGN_IDENTITY = "-";
				COPY_PHASE_STRIP = NO;
				DEBUG_INFORMATION_FORMAT = dwarf;
				ENABLE_STRICT_OBJC_MSGSEND = YES;
				ENABLE_TESTABILITY = YES;
				GCC_C_LANGUAGE_STANDARD = gnu99;
				GCC_DYNAMIC_NO_PIC = NO;
				GCC_NO_COMMON_BLOCKS = YES;
				GCC_OPTIMIZATION_LEVEL = 0;
				GCC_PREPROCESSOR_DEFINITIONS = (
					"DEBUG=1",
					"$(inherited)",
				);
				GCC_WARN_64_TO_32_BIT_CONVERSION = YES;
				GCC_WARN_ABOUT_RETURN_TYPE = YES_ERROR;
				GCC_WARN_UNDECLARED_SELECTOR = YES;
				GCC_WARN_UNINITIALIZED_AUTOS = YES_AGGRESSIVE;
				GCC_WARN_UNUSED_FUNCTION = YES;
				GCC_WARN_UNUSED_VARIABLE = YES;
				MACOSX_DEPLOYMENT_TARGET = 10.11;
				MTL_ENABLE_DEBUG_INFO = YES;
				ONLY_ACTIVE_ARCH = YES;
				SDKROOT = macosx;
			};
			name = Debug;
		};
		513AC26D1D58C1E1006DE13D /* Release */ = {
			isa = XCBuildConfiguration;
			buildSettings = {
				ALWAYS_SEARCH_USER_PATHS = NO;
				CLANG_ANALYZER_NONNULL = YES;
				CLANG_CXX_LANGUAGE_STANDARD = "gnu++0x";
				CLANG_CXX_LIBRARY = "libc++";
				CLANG_ENABLE_MODULES = YES;
				CLANG_ENABLE_OBJC_ARC = YES;
				CLANG_WARN_BOOL_CONVERSION = YES;
				CLANG_WARN_CONSTANT_CONVERSION = YES;
				CLANG_WARN_DIRECT_OBJC_ISA_USAGE = YES_ERROR;
				CLANG_WARN_EMPTY_BODY = YES;
				CLANG_WARN_ENUM_CONVERSION = YES;
				CLANG_WARN_INT_CONVERSION = YES;
				CLANG_WARN_OBJC_ROOT_CLASS = YES_ERROR;
				CLANG_WARN_UNREACHABLE_CODE = YES;
				CLANG_WARN__DUPLICATE_METHOD_MATCH = YES;
				CODE_SIGN_IDENTITY = "-";
				COPY_PHASE_STRIP = NO;
				DEBUG_INFORMATION_FORMAT = "dwarf-with-dsym";
				ENABLE_NS_ASSERTIONS = NO;
				ENABLE_STRICT_OBJC_MSGSEND = YES;
				GCC_C_LANGUAGE_STANDARD = gnu99;
				GCC_NO_COMMON_BLOCKS = YES;
				GCC_WARN_64_TO_32_BIT_CONVERSION = YES;
				GCC_WARN_ABOUT_RETURN_TYPE = YES_ERROR;
				GCC_WARN_UNDECLARED_SELECTOR = YES;
				GCC_WARN_UNINITIALIZED_AUTOS = YES_AGGRESSIVE;
				GCC_WARN_UNUSED_FUNCTION = YES;
				GCC_WARN_UNUSED_VARIABLE = YES;
				MACOSX_DEPLOYMENT_TARGET = 10.11;
				MTL_ENABLE_DEBUG_INFO = NO;
				SDKROOT = macosx;
			};
			name = Release;
		};
		513AC26F1D58C1E1006DE13D /* Debug */ = {
			isa = XCBuildConfiguration;
			buildSettings = {
				PRODUCT_NAME = "$(TARGET_NAME)";
			};
			name = Debug;
		};
		513AC2701D58C1E1006DE13D /* Release */ = {
			isa = XCBuildConfiguration;
			buildSettings = {
				PRODUCT_NAME = "$(TARGET_NAME)";
			};
			name = Release;
		};
		513AC27A1D58C582006DE13D /* Debug */ = {
			isa = XCBuildConfiguration;
			buildSettings = {
				PRODUCT_NAME = "$(TARGET_NAME)";
			};
			name = Debug;
		};
		513AC27B1D58C582006DE13D /* Release */ = {
			isa = XCBuildConfiguration;
			buildSettings = {
				PRODUCT_NAME = "$(TARGET_NAME)";
			};
			name = Release;
		};
		513AC2981D5B5DFA006DE13D /* Debug */ = {
			isa = XCBuildConfiguration;
			buildSettings = {
				PRODUCT_NAME = "$(TARGET_NAME)";
			};
			name = Debug;
		};
		513AC2991D5B5DFA006DE13D /* Release */ = {
			isa = XCBuildConfiguration;
			buildSettings = {
				PRODUCT_NAME = "$(TARGET_NAME)";
			};
			name = Release;
		};
		513AC2A31D5B642D006DE13D /* Debug */ = {
			isa = XCBuildConfiguration;
			buildSettings = {
				PRODUCT_NAME = "$(TARGET_NAME)";
			};
			name = Debug;
		};
		513AC2A41D5B642D006DE13D /* Release */ = {
			isa = XCBuildConfiguration;
			buildSettings = {
				PRODUCT_NAME = "$(TARGET_NAME)";
			};
			name = Release;
		};
		513AC2AE1D5C0CEA006DE13D /* Debug */ = {
			isa = XCBuildConfiguration;
			buildSettings = {
				PRODUCT_NAME = "$(TARGET_NAME)";
			};
			name = Debug;
		};
		513AC2AF1D5C0CEA006DE13D /* Release */ = {
			isa = XCBuildConfiguration;
			buildSettings = {
				PRODUCT_NAME = "$(TARGET_NAME)";
			};
			name = Release;
		};
		513AC2B91D5C2140006DE13D /* Debug */ = {
			isa = XCBuildConfiguration;
			buildSettings = {
				PRODUCT_NAME = "$(TARGET_NAME)";
			};
			name = Debug;
		};
		513AC2BA1D5C2140006DE13D /* Release */ = {
			isa = XCBuildConfiguration;
			buildSettings = {
				PRODUCT_NAME = "$(TARGET_NAME)";
			};
			name = Release;
		};
		513AC2C41D5C428B006DE13D /* Debug */ = {
			isa = XCBuildConfiguration;
			buildSettings = {
				PRODUCT_NAME = "$(TARGET_NAME)";
			};
			name = Debug;
		};
		513AC2C51D5C428B006DE13D /* Release */ = {
			isa = XCBuildConfiguration;
			buildSettings = {
				PRODUCT_NAME = "$(TARGET_NAME)";
			};
			name = Release;
		};
		513AC2CF1D5C4C9E006DE13D /* Debug */ = {
			isa = XCBuildConfiguration;
			buildSettings = {
				PRODUCT_NAME = "$(TARGET_NAME)";
			};
			name = Debug;
		};
		513AC2D01D5C4C9E006DE13D /* Release */ = {
			isa = XCBuildConfiguration;
			buildSettings = {
				PRODUCT_NAME = "$(TARGET_NAME)";
			};
			name = Release;
		};
		51EEDB7F1D5CAE0600451835 /* Debug */ = {
			isa = XCBuildConfiguration;
			buildSettings = {
				PRODUCT_NAME = "$(TARGET_NAME)";
			};
			name = Debug;
		};
		51EEDB801D5CAE0600451835 /* Release */ = {
			isa = XCBuildConfiguration;
			buildSettings = {
				PRODUCT_NAME = "$(TARGET_NAME)";
			};
			name = Release;
		};
		51EEDB8B1D5D27A300451835 /* Debug */ = {
			isa = XCBuildConfiguration;
			buildSettings = {
				PRODUCT_NAME = "$(TARGET_NAME)";
			};
			name = Debug;
		};
		51EEDB8C1D5D27A300451835 /* Release */ = {
			isa = XCBuildConfiguration;
			buildSettings = {
				PRODUCT_NAME = "$(TARGET_NAME)";
			};
			name = Release;
		};
		51EEDC141D61108A00451835 /* Debug */ = {
			isa = XCBuildConfiguration;
			buildSettings = {
				PRODUCT_NAME = "$(TARGET_NAME)";
			};
			name = Debug;
		};
		51EEDC151D61108A00451835 /* Release */ = {
			isa = XCBuildConfiguration;
			buildSettings = {
				PRODUCT_NAME = "$(TARGET_NAME)";
			};
			name = Release;
		};
		51EEDC1F1D6264B700451835 /* Debug */ = {
			isa = XCBuildConfiguration;
			buildSettings = {
				PRODUCT_NAME = "$(TARGET_NAME)";
			};
			name = Debug;
		};
		51EEDC201D6264B700451835 /* Release */ = {
			isa = XCBuildConfiguration;
			buildSettings = {
				PRODUCT_NAME = "$(TARGET_NAME)";
			};
			name = Release;
		};
		51EEDC2A1D62727A00451835 /* Debug */ = {
			isa = XCBuildConfiguration;
			buildSettings = {
				PRODUCT_NAME = "$(TARGET_NAME)";
			};
			name = Debug;
		};
		51EEDC2B1D62727A00451835 /* Release */ = {
			isa = XCBuildConfiguration;
			buildSettings = {
				PRODUCT_NAME = "$(TARGET_NAME)";
			};
			name = Release;
		};
		51EEDC351D63B77600451835 /* Debug */ = {
			isa = XCBuildConfiguration;
			buildSettings = {
				PRODUCT_NAME = "$(TARGET_NAME)";
			};
			name = Debug;
		};
		51EEDC361D63B77600451835 /* Release */ = {
			isa = XCBuildConfiguration;
			buildSettings = {
				PRODUCT_NAME = "$(TARGET_NAME)";
			};
			name = Release;
		};
		51EEDC401D63B9A800451835 /* Debug */ = {
			isa = XCBuildConfiguration;
			buildSettings = {
				PRODUCT_NAME = "$(TARGET_NAME)";
			};
			name = Debug;
		};
		51EEDC411D63B9A800451835 /* Release */ = {
			isa = XCBuildConfiguration;
			buildSettings = {
				PRODUCT_NAME = "$(TARGET_NAME)";
			};
			name = Release;
		};
		51EEDC4B1D683E0600451835 /* Debug */ = {
			isa = XCBuildConfiguration;
			buildSettings = {
				PRODUCT_NAME = "$(TARGET_NAME)";
			};
			name = Debug;
		};
		51EEDC4C1D683E0600451835 /* Release */ = {
			isa = XCBuildConfiguration;
			buildSettings = {
				PRODUCT_NAME = "$(TARGET_NAME)";
			};
			name = Release;
		};
		51EEDC561D68D9E600451835 /* Debug */ = {
			isa = XCBuildConfiguration;
			buildSettings = {
				PRODUCT_NAME = "$(TARGET_NAME)";
			};
			name = Debug;
		};
		51EEDC571D68D9E600451835 /* Release */ = {
			isa = XCBuildConfiguration;
			buildSettings = {
				PRODUCT_NAME = "$(TARGET_NAME)";
			};
			name = Release;
		};
		51EEDC611D68E0AD00451835 /* Debug */ = {
			isa = XCBuildConfiguration;
			buildSettings = {
				PRODUCT_NAME = "$(TARGET_NAME)";
			};
			name = Debug;
		};
		51EEDC621D68E0AD00451835 /* Release */ = {
			isa = XCBuildConfiguration;
			buildSettings = {
				PRODUCT_NAME = "$(TARGET_NAME)";
			};
			name = Release;
		};
		51EEDC6C1D69723600451835 /* Debug */ = {
			isa = XCBuildConfiguration;
			buildSettings = {
				PRODUCT_NAME = "$(TARGET_NAME)";
			};
			name = Debug;
		};
		51EEDC6D1D69723600451835 /* Release */ = {
			isa = XCBuildConfiguration;
			buildSettings = {
				PRODUCT_NAME = "$(TARGET_NAME)";
			};
			name = Release;
		};
		51EEDCDC1D6D043F00451835 /* Debug */ = {
			isa = XCBuildConfiguration;
			buildSettings = {
				PRODUCT_NAME = "$(TARGET_NAME)";
			};
			name = Debug;
		};
		51EEDCDD1D6D043F00451835 /* Release */ = {
			isa = XCBuildConfiguration;
			buildSettings = {
				PRODUCT_NAME = "$(TARGET_NAME)";
			};
			name = Release;
		};
/* End XCBuildConfiguration section */

/* Begin XCConfigurationList section */
		513AC2621D58C1E1006DE13D /* Build configuration list for PBXProject "cprogram" */ = {
			isa = XCConfigurationList;
			buildConfigurations = (
				513AC26C1D58C1E1006DE13D /* Debug */,
				513AC26D1D58C1E1006DE13D /* Release */,
			);
			defaultConfigurationIsVisible = 0;
			defaultConfigurationName = Release;
		};
		513AC26E1D58C1E1006DE13D /* Build configuration list for PBXNativeTarget "cprogram" */ = {
			isa = XCConfigurationList;
			buildConfigurations = (
				513AC26F1D58C1E1006DE13D /* Debug */,
				513AC2701D58C1E1006DE13D /* Release */,
			);
			defaultConfigurationIsVisible = 0;
			defaultConfigurationName = Release;
		};
		513AC2791D58C582006DE13D /* Build configuration list for PBXNativeTarget "cnextpro" */ = {
			isa = XCConfigurationList;
			buildConfigurations = (
				513AC27A1D58C582006DE13D /* Debug */,
				513AC27B1D58C582006DE13D /* Release */,
			);
			defaultConfigurationIsVisible = 0;
			defaultConfigurationName = Release;
		};
		513AC2971D5B5DFA006DE13D /* Build configuration list for PBXNativeTarget "robot" */ = {
			isa = XCConfigurationList;
			buildConfigurations = (
				513AC2981D5B5DFA006DE13D /* Debug */,
				513AC2991D5B5DFA006DE13D /* Release */,
			);
			defaultConfigurationIsVisible = 0;
			defaultConfigurationName = Release;
		};
		513AC2A21D5B642D006DE13D /* Build configuration list for PBXNativeTarget "permutation" */ = {
			isa = XCConfigurationList;
			buildConfigurations = (
				513AC2A31D5B642D006DE13D /* Debug */,
				513AC2A41D5B642D006DE13D /* Release */,
			);
			defaultConfigurationIsVisible = 0;
			defaultConfigurationName = Release;
		};
		513AC2AD1D5C0CEA006DE13D /* Build configuration list for PBXNativeTarget "merge" */ = {
			isa = XCConfigurationList;
			buildConfigurations = (
				513AC2AE1D5C0CEA006DE13D /* Debug */,
				513AC2AF1D5C0CEA006DE13D /* Release */,
			);
			defaultConfigurationIsVisible = 0;
			defaultConfigurationName = Release;
		};
		513AC2B81D5C2140006DE13D /* Build configuration list for PBXNativeTarget "cmp" */ = {
			isa = XCConfigurationList;
			buildConfigurations = (
				513AC2B91D5C2140006DE13D /* Debug */,
				513AC2BA1D5C2140006DE13D /* Release */,
			);
			defaultConfigurationIsVisible = 0;
			defaultConfigurationName = Release;
		};
		513AC2C31D5C428B006DE13D /* Build configuration list for PBXNativeTarget "search" */ = {
			isa = XCConfigurationList;
			buildConfigurations = (
				513AC2C41D5C428B006DE13D /* Debug */,
				513AC2C51D5C428B006DE13D /* Release */,
			);
			defaultConfigurationIsVisible = 0;
			defaultConfigurationName = Release;
		};
		513AC2CE1D5C4C9E006DE13D /* Build configuration list for PBXNativeTarget "searchArr" */ = {
			isa = XCConfigurationList;
			buildConfigurations = (
				513AC2CF1D5C4C9E006DE13D /* Debug */,
				513AC2D01D5C4C9E006DE13D /* Release */,
			);
			defaultConfigurationIsVisible = 0;
			defaultConfigurationName = Release;
		};
		51EEDB811D5CAE0600451835 /* Build configuration list for PBXNativeTarget "searchMatrix" */ = {
			isa = XCConfigurationList;
			buildConfigurations = (
				51EEDB7F1D5CAE0600451835 /* Debug */,
				51EEDB801D5CAE0600451835 /* Release */,
			);
			defaultConfigurationIsVisible = 0;
		};
		51EEDB8A1D5D27A300451835 /* Build configuration list for PBXNativeTarget "swapC" */ = {
			isa = XCConfigurationList;
			buildConfigurations = (
				51EEDB8B1D5D27A300451835 /* Debug */,
				51EEDB8C1D5D27A300451835 /* Release */,
			);
			defaultConfigurationIsVisible = 0;
		};
		51EEDC131D61108A00451835 /* Build configuration list for PBXNativeTarget "fetch" */ = {
			isa = XCConfigurationList;
			buildConfigurations = (
				51EEDC141D61108A00451835 /* Debug */,
				51EEDC151D61108A00451835 /* Release */,
			);
			defaultConfigurationIsVisible = 0;
		};
		51EEDC1E1D6264B700451835 /* Build configuration list for PBXNativeTarget "stringcontain" */ = {
			isa = XCConfigurationList;
			buildConfigurations = (
				51EEDC1F1D6264B700451835 /* Debug */,
				51EEDC201D6264B700451835 /* Release */,
			);
			defaultConfigurationIsVisible = 0;
		};
		51EEDC291D62727A00451835 /* Build configuration list for PBXNativeTarget "wordcontain" */ = {
			isa = XCConfigurationList;
			buildConfigurations = (
				51EEDC2A1D62727A00451835 /* Debug */,
				51EEDC2B1D62727A00451835 /* Release */,
			);
			defaultConfigurationIsVisible = 0;
		};
		51EEDC341D63B77600451835 /* Build configuration list for PBXNativeTarget "findSum" */ = {
			isa = XCConfigurationList;
			buildConfigurations = (
				51EEDC351D63B77600451835 /* Debug */,
				51EEDC361D63B77600451835 /* Release */,
			);
			defaultConfigurationIsVisible = 0;
		};
		51EEDC3F1D63B9A800451835 /* Build configuration list for PBXNativeTarget "findSumOC" */ = {
			isa = XCConfigurationList;
			buildConfigurations = (
				51EEDC401D63B9A800451835 /* Debug */,
				51EEDC411D63B9A800451835 /* Release */,
			);
			defaultConfigurationIsVisible = 0;
		};
		51EEDC4A1D683E0600451835 /* Build configuration list for PBXNativeTarget "testapp" */ = {
			isa = XCConfigurationList;
			buildConfigurations = (
				51EEDC4B1D683E0600451835 /* Debug */,
				51EEDC4C1D683E0600451835 /* Release */,
			);
			defaultConfigurationIsVisible = 0;
		};
		51EEDC551D68D9E600451835 /* Build configuration list for PBXNativeTarget "const_test" */ = {
			isa = XCConfigurationList;
			buildConfigurations = (
				51EEDC561D68D9E600451835 /* Debug */,
				51EEDC571D68D9E600451835 /* Release */,
			);
			defaultConfigurationIsVisible = 0;
		};
		51EEDC601D68E0AD00451835 /* Build configuration list for PBXNativeTarget "const_test_c" */ = {
			isa = XCConfigurationList;
			buildConfigurations = (
				51EEDC611D68E0AD00451835 /* Debug */,
				51EEDC621D68E0AD00451835 /* Release */,
			);
			defaultConfigurationIsVisible = 0;
		};
		51EEDC6B1D69723600451835 /* Build configuration list for PBXNativeTarget "cs106_lec3" */ = {
			isa = XCConfigurationList;
			buildConfigurations = (
				51EEDC6C1D69723600451835 /* Debug */,
				51EEDC6D1D69723600451835 /* Release */,
			);
			defaultConfigurationIsVisible = 0;
		};
		51EEDCDB1D6D043F00451835 /* Build configuration list for PBXNativeTarget "test_set" */ = {
			isa = XCConfigurationList;
			buildConfigurations = (
				51EEDCDC1D6D043F00451835 /* Debug */,
				51EEDCDD1D6D043F00451835 /* Release */,
			);
			defaultConfigurationIsVisible = 0;
		};
/* End XCConfigurationList section */
	};
	rootObject = 513AC25F1D58C1E1006DE13D /* Project object */;
}
